
Microsoft Visual Studio Solution File, Format Version 12.00
# Visual Studio Version 17
VisualStudioVersion = 17.3.32901.215
MinimumVisualStudioVersion = 10.0.40219.1
Project("{FAE04EC0-301F-11D3-BF4B-00C04F79EFBC}") = "SudokuVR", "SudokuVR.csproj", "{ACD63D2D-7BE5-4440-A7C3-61E210555CAC}"
EndProject
Global
	GlobalSection(SolutionConfigurationPlatforms) = preSolution
		Debug|Any CPU = Debug|Any CPU
		Release|Any CPU = Release|Any CPU
	EndGlobalSection
	GlobalSection(ProjectConfigurationPlatforms) = postSolution
		{ACD63D2D-7BE5-4440-A7C3-61E210555CAC}.Debug|Any CPU.ActiveCfg = Debug|Any CPU
		{ACD63D2D-7BE5-4440-A7C3-61E210555CAC}.Debug|Any CPU.Build.0 = Debug|Any CPU
		{ACD63D2D-7BE5-4440-A7C3-61E210555CAC}.Release|Any CPU.ActiveCfg = Release|Any CPU
		{ACD63D2D-7BE5-4440-A7C3-61E210555CAC}.Release|Any CPU.Build.0 = Release|Any CPU
	EndGlobalSection
	GlobalSection(SolutionProperties) = preSolution
		HideSolutionNode = FALSE
	EndGlobalSection
	GlobalSection(ExtensibilityGlobals) = postSolution
		SolutionGuid = {45261340-5EF7-4383-BEFA-2E9543C3857F}
	EndGlobalSection
EndGlobal
